Microsoft Visual Studio Solution File, Format Version 12.00
# Visual Studio Version 17
VisualStudioVersion = 17.5.2.0
MinimumVisualStudioVersion = 10.0.40219.1
Project("{2150E333-8FDC-42A3-9474-1A3956D46DE8}") = "PrimeraPrueba", "PrimeraPrueba", "{D765CCB1-64CD-7089-72A5-9580DA6B9C10}"
EndProject
Project("{FAE04EC0-301F-11D3-BF4B-00C04F79EFBC}") = "InventarioConsolaApp", "PrimeraPrueba\InventarioConsolaApp\InventarioConsolaApp.csproj", "{B0796B67-A92F-9D4E-82DB-8640347059A9}"
EndProject
Global
	GlobalSection(SolutionConfigurationPlatforms) = preSolution
		Debug|Any CPU = Debug|Any CPU
		Release|Any CPU = Release|Any CPU
	EndGlobalSection
	GlobalSection(ProjectConfigurationPlatforms) = postSolution
		{B0796B67-A92F-9D4E-82DB-8640347059A9}.Debug|Any CPU.ActiveCfg = Debug|Any CPU
		{B0796B67-A92F-9D4E-82DB-8640347059A9}.Debug|Any CPU.Build.0 = Debug|Any CPU
		{B0796B67-A92F-9D4E-82DB-8640347059A9}.Release|Any CPU.ActiveCfg = Release|Any CPU
		{B0796B67-A92F-9D4E-82DB-8640347059A9}.Release|Any CPU.Build.0 = Release|Any CPU
	EndGlobalSection
	GlobalSection(SolutionProperties) = preSolution
		HideSolutionNode = FALSE
	EndGlobalSection
	GlobalSection(NestedProjects) = preSolution
		{B0796B67-A92F-9D4E-82DB-8640347059A9} = {D765CCB1-64CD-7089-72A5-9580DA6B9C10}
	EndGlobalSection
	GlobalSection(ExtensibilityGlobals) = postSolution
		SolutionGuid = {DE027303-60CB-4725-AD72-211D3326D4DC}
	EndGlobalSection
EndGlobal
